// !$*UTF8*$!
{
	archiveVersion = 1;
	classes = {
	};
	objectVersion = 55;
	objects = {

/* Begin PBXBuildFile section */
		3EBC815B2843522900794955 /* DonWorryApp.swift in Sources */ = {isa = PBXBuildFile; fileRef = 3EBC815A2843522900794955 /* DonWorryApp.swift */; };
		3EBC815D2843522900794955 /* ContentView.swift in Sources */ = {isa = PBXBuildFile; fileRef = 3EBC815C2843522900794955 /* ContentView.swift */; };
		3EBC815F2843522A00794955 /* Assets.xcassets in Resources */ = {isa = PBXBuildFile; fileRef = 3EBC815E2843522A00794955 /* Assets.xcassets */; };
		3EBC81622843522A00794955 /* Preview Assets.xcassets in Resources */ = {isa = PBXBuildFile; fileRef = 3EBC81612843522A00794955 /* Preview Assets.xcassets */; };
		3EBC816C2843522A00794955 /* DonWorryTests.swift in Sources */ = {isa = PBXBuildFile; fileRef = 3EBC816B2843522A00794955 /* DonWorryTests.swift */; };
		3EBC81762843522B00794955 /* DonWorryUITests.swift in Sources */ = {isa = PBXBuildFile; fileRef = 3EBC81752843522B00794955 /* DonWorryUITests.swift */; };
		3EBC81782843522B00794955 /* DonWorryUITestsLaunchTests.swift in Sources */ = {isa = PBXBuildFile; fileRef = 3EBC81772843522B00794955 /* DonWorryUITestsLaunchTests.swift */; };
/* End PBXBuildFile section */

/* Begin PBXContainerItemProxy section */
		3EBC81682843522A00794955 /* PBXContainerItemProxy */ = {
			isa = PBXContainerItemProxy;
			containerPortal = 3EBC814F2843522900794955 /* Project object */;
			proxyType = 1;
			remoteGlobalIDString = 3EBC81562843522900794955;
			remoteInfo = DonWorry;
		};
		3EBC81722843522B00794955 /* PBXContainerItemProxy */ = {
			isa = PBXContainerItemProxy;
			containerPortal = 3EBC814F2843522900794955 /* Project object */;
			proxyType = 1;
			remoteGlobalIDString = 3EBC81562843522900794955;
			remoteInfo = DonWorry;
		};
/* End PBXContainerItemProxy section */

/* Begin PBXFileReference section */
		3EBC81572843522900794955 /* DonWorry.app */ = {isa = PBXFileReference; explicitFileType = wrapper.application; includeInIndex = 0; path = DonWorry.app; sourceTree = BUILT_PRODUCTS_DIR; };
		3EBC815A2843522900794955 /* DonWorryApp.swift */ = {isa = PBXFileReference; lastKnownFileType = sourcecode.swift; path = DonWorryApp.swift; sourceTree = "<group>"; };
		3EBC815C2843522900794955 /* ContentView.swift */ = {isa = PBXFileReference; lastKnownFileType = sourcecode.swift; path = ContentView.swift; sourceTree = "<group>"; };
		3EBC815E2843522A00794955 /* Assets.xcassets */ = {isa = PBXFileReference; lastKnownFileType = folder.assetcatalog; path = Assets.xcassets; sourceTree = "<group>"; };
		3EBC81612843522A00794955 /* Preview Assets.xcassets */ = {isa = PBXFileReference; lastKnownFileType = folder.assetcatalog; path = "Preview Assets.xcassets"; sourceTree = "<group>"; };
		3EBC81672843522A00794955 /* DonWorryTests.xctest */ = {isa = PBXFileReference; explicitFileType = wrapper.cfbundle; includeInIndex = 0; path = DonWorryTests.xctest; sourceTree = BUILT_PRODUCTS_DIR; };
		3EBC816B2843522A00794955 /* DonWorryTests.swift */ = {isa = PBXFileReference; lastKnownFileType = sourcecode.swift; path = DonWorryTests.swift; sourceTree = "<group>"; };
		3EBC81712843522B00794955 /* DonWorryUITests.xctest */ = {isa = PBXFileReference; explicitFileType = wrapper.cfbundle; includeInIndex = 0; path = DonWorryUITests.xctest; sourceTree = BUILT_PRODUCTS_DIR; };
		3EBC81752843522B00794955 /* DonWorryUITests.swift */ = {isa = PBXFileReference; lastKnownFileType = sourcecode.swift; path = DonWorryUITests.swift; sourceTree = "<group>"; };
		3EBC81772843522B00794955 /* DonWorryUITestsLaunchTests.swift */ = {isa = PBXFileReference; lastKnownFileType = sourcecode.swift; path = DonWorryUITestsLaunchTests.swift; sourceTree = "<group>"; };
/* End PBXFileReference section */

/* Begin PBXFrameworksBuildPhase section */
		3EBC81542843522900794955 /* Frameworks */ = {
			isa = PBXFrameworksBuildPhase;
			buildActionMask = 2147483647;
			files = (
			);
			runOnlyForDeploymentPostprocessing = 0;
		};
		3EBC81642843522A00794955 /* Frameworks */ = {
			isa = PBXFrameworksBuildPhase;
			buildActionMask = 2147483647;
			files = (
			);
			runOnlyForDeploymentPostprocessing = 0;
		};
		3EBC816E2843522B00794955 /* Frameworks */ = {
			isa = PBXFrameworksBuildPhase;
			buildActionMask = 2147483647;
			files = (
			);
			runOnlyForDeploymentPostprocessing = 0;
		};
/* End PBXFrameworksBuildPhase section */

/* Begin PBXGroup section */
		3EBC814E2843522900794955 = {
			isa = PBXGroup;
			children = (
				3EBC81592843522900794955 /* DonWorry */,
				3EBC816A2843522A00794955 /* DonWorryTests */,
				3EBC81742843522B00794955 /* DonWorryUITests */,
				3EBC81582843522900794955 /* Products */,
			);
			sourceTree = "<group>";
		};
		3EBC81582843522900794955 /* Products */ = {
			isa = PBXGroup;
			children = (
				3EBC81572843522900794955 /* DonWorry.app */,
				3EBC81672843522A00794955 /* DonWorryTests.xctest */,
				3EBC81712843522B00794955 /* DonWorryUITests.xctest */,
			);
			name = Products;
			sourceTree = "<group>";
		};
		3EBC81592843522900794955 /* DonWorry */ = {
			isa = PBXGroup;
			children = (
				3EBC815A2843522900794955 /* DonWorryApp.swift */,
				3EBC815C2843522900794955 /* ContentView.swift */,
				3EBC815E2843522A00794955 /* Assets.xcassets */,
				3EBC81602843522A00794955 /* Preview Content */,
			);
			path = DonWorry;
			sourceTree = "<group>";
		};
		3EBC81602843522A00794955 /* Preview Content */ = {
			isa = PBXGroup;
			children = (
				3EBC81612843522A00794955 /* Preview Assets.xcassets */,
			);
			path = "Preview Content";
			sourceTree = "<group>";
		};
		3EBC816A2843522A00794955 /* DonWorryTests */ = {
			isa = PBXGroup;
			children = (
				3EBC816B2843522A00794955 /* DonWorryTests.swift */,
			);
			path = DonWorryTests;
			sourceTree = "<group>";
		};
		3EBC81742843522B00794955 /* DonWorryUITests */ = {
			isa = PBXGroup;
			children = (
				3EBC81752843522B00794955 /* DonWorryUITests.swift */,
				3EBC81772843522B00794955 /* DonWorryUITestsLaunchTests.swift */,
			);
			path = DonWorryUITests;
			sourceTree = "<group>";
		};
/* End PBXGroup section */

/* Begin PBXNativeTarget section */
		3EBC81562843522900794955 /* DonWorry */ = {
			isa = PBXNativeTarget;
			buildConfigurationList = 3EBC817B2843522B00794955 /* Build configuration list for PBXNativeTarget "DonWorry" */;
			buildPhases = (
				3EBC81532843522900794955 /* Sources */,
				3EBC81542843522900794955 /* Frameworks */,
				3EBC81552843522900794955 /* Resources */,
				3E4843D22847398300FCCFF4 /* ShellScript */,
			);
			buildRules = (
			);
			dependencies = (
			);
			name = DonWorry;
			productName = DonWorry;
			productReference = 3EBC81572843522900794955 /* DonWorry.app */;
			productType = "com.apple.product-type.application";
		};
		3EBC81662843522A00794955 /* DonWorryTests */ = {
			isa = PBXNativeTarget;
			buildConfigurationList = 3EBC817E2843522B00794955 /* Build configuration list for PBXNativeTarget "DonWorryTests" */;
			buildPhases = (
				3EBC81632843522A00794955 /* Sources */,
				3EBC81642843522A00794955 /* Frameworks */,
				3EBC81652843522A00794955 /* Resources */,
			);
			buildRules = (
			);
			dependencies = (
				3EBC81692843522A00794955 /* PBXTargetDependency */,
			);
			name = DonWorryTests;
			productName = DonWorryTests;
			productReference = 3EBC81672843522A00794955 /* DonWorryTests.xctest */;
			productType = "com.apple.product-type.bundle.unit-test";
		};
		3EBC81702843522B00794955 /* DonWorryUITests */ = {
			isa = PBXNativeTarget;
			buildConfigurationList = 3EBC81812843522B00794955 /* Build configuration list for PBXNativeTarget "DonWorryUITests" */;
			buildPhases = (
				3EBC816D2843522B00794955 /* Sources */,
				3EBC816E2843522B00794955 /* Frameworks */,
				3EBC816F2843522B00794955 /* Resources */,
			);
			buildRules = (
			);
			dependencies = (
				3EBC81732843522B00794955 /* PBXTargetDependency */,
			);
			name = DonWorryUITests;
			productName = DonWorryUITests;
			productReference = 3EBC81712843522B00794955 /* DonWorryUITests.xctest */;
			productType = "com.apple.product-type.bundle.ui-testing";
		};
/* End PBXNativeTarget section */

/* Begin PBXProject section */
		3EBC814F2843522900794955 /* Project object */ = {
			isa = PBXProject;
			attributes = {
				BuildIndependentTargetsInParallel = 1;
				LastSwiftUpdateCheck = 1340;
				LastUpgradeCheck = 1340;
				TargetAttributes = {
					3EBC81562843522900794955 = {
						CreatedOnToolsVersion = 13.4;
					};
					3EBC81662843522A00794955 = {
						CreatedOnToolsVersion = 13.4;
						TestTargetID = 3EBC81562843522900794955;
					};
					3EBC81702843522B00794955 = {
						CreatedOnToolsVersion = 13.4;
						TestTargetID = 3EBC81562843522900794955;
					};
				};
			};
			buildConfigurationList = 3EBC81522843522900794955 /* Build configuration list for PBXProject "DonWorry" */;
			compatibilityVersion = "Xcode 13.0";
			developmentRegion = en;
			hasScannedForEncodings = 0;
			knownRegions = (
				en,
				Base,
			);
			mainGroup = 3EBC814E2843522900794955;
			productRefGroup = 3EBC81582843522900794955 /* Products */;
			projectDirPath = "";
			projectRoot = "";
			targets = (
				3EBC81562843522900794955 /* DonWorry */,
				3EBC81662843522A00794955 /* DonWorryTests */,
				3EBC81702843522B00794955 /* DonWorryUITests */,
			);
		};
/* End PBXProject section */

/* Begin PBXResourcesBuildPhase section */
		3EBC81552843522900794955 /* Resources */ = {
			isa = PBXResourcesBuildPhase;
			buildActionMask = 2147483647;
			files = (
				3EBC81622843522A00794955 /* Preview Assets.xcassets in Resources */,
				3EBC815F2843522A00794955 /* Assets.xcassets in Resources */,
			);
			runOnlyForDeploymentPostprocessing = 0;
		};
		3EBC81652843522A00794955 /* Resources */ = {
			isa = PBXResourcesBuildPhase;
			buildActionMask = 2147483647;
			files = (
			);
			runOnlyForDeploymentPostprocessing = 0;
		};
		3EBC816F2843522B00794955 /* Resources */ = {
			isa = PBXResourcesBuildPhase;
			buildActionMask = 2147483647;
			files = (
			);
			runOnlyForDeploymentPostprocessing = 0;
		};
/* End PBXResourcesBuildPhase section */

/* Begin PBXShellScriptBuildPhase section */
		3E4843D22847398300FCCFF4 /* ShellScript */ = {
			isa = PBXShellScriptBuildPhase;
			buildActionMask = 2147483647;
			files = (
			);
			inputFileListPaths = (
			);
			inputPaths = (
			);
			outputFileListPaths = (
			);
			outputPaths = (
			);
			runOnlyForDeploymentPostprocessing = 0;
			shellPath = /bin/sh;
			shellScript = "# Type a script or drag a script file from your workspace to insert its path.\nexport PATH=\"$PATH:/opt/homebrew/bin\"\n\nif which swiftlint >/dev/null; then\n  swiftlint\nelse\n  echo \"warning: SwiftLint not installed, download from https://github.com/realm/SwiftLint\"\nfi\n";
		};
/* End PBXShellScriptBuildPhase section */

/* Begin PBXSourcesBuildPhase section */
		3EBC81532843522900794955 /* Sources */ = {
			isa = PBXSourcesBuildPhase;
			buildActionMask = 2147483647;
			files = (
				3EBC815D2843522900794955 /* ContentView.swift in Sources */,
				3EBC815B2843522900794955 /* DonWorryApp.swift in Sources */,
			);
			runOnlyForDeploymentPostprocessing = 0;
		};
		3EBC81632843522A00794955 /* Sources */ = {
			isa = PBXSourcesBuildPhase;
			buildActionMask = 2147483647;
			files = (
				3EBC816C2843522A00794955 /* DonWorryTests.swift in Sources */,
			);
			runOnlyForDeploymentPostprocessing = 0;
		};
		3EBC816D2843522B00794955 /* Sources */ = {
			isa = PBXSourcesBuildPhase;
			buildActionMask = 2147483647;
			files = (
				3EBC81782843522B00794955 /* DonWorryUITestsLaunchTests.swift in Sources */,
				3EBC81762843522B00794955 /* DonWorryUITests.swift in Sources */,
			);
			runOnlyForDeploymentPostprocessing = 0;
		};
/* End PBXSourcesBuildPhase section */

/* Begin PBXTargetDependency section */
		3EBC81692843522A00794955 /* PBXTargetDependency */ = {
			isa = PBXTargetDependency;
			target = 3EBC81562843522900794955 /* DonWorry */;
			targetProxy = 3EBC81682843522A00794955 /* PBXContainerItemProxy */;
		};
		3EBC81732843522B00794955 /* PBXTargetDependency */ = {
			isa = PBXTargetDependency;
			target = 3EBC81562843522900794955 /* DonWorry */;
			targetProxy = 3EBC81722843522B00794955 /* PBXContainerItemProxy */;
		};
/* End PBXTargetDependency section */

/* Begin XCBuildConfiguration section */
		3EBC81792843522B00794955 /* Debug */ = {
			isa = XCBuildConfiguration;
			buildSettings = {
				ALWAYS_SEARCH_USER_PATHS = NO;
				CLANG_ANALYZER_NONNULL = YES;
				CLANG_ANALYZER_NUMBER_OBJECT_CONVERSION = YES_AGGRESSIVE;
				CLANG_CXX_LANGUAGE_STANDARD = "gnu++17";
				CLANG_ENABLE_MODULES = YES;
				CLANG_ENABLE_OBJC_ARC = YES;
				CLANG_ENABLE_OBJC_WEAK = YES;
				CLANG_WARN_BLOCK_CAPTURE_AUTORELEASING = YES;
				CLANG_WARN_BOOL_CONVERSION = YES;
				CLANG_WARN_COMMA = YES;
				CLANG_WARN_CONSTANT_CONVERSION = YES;
				CLANG_WARN_DEPRECATED_OBJC_IMPLEMENTATIONS = YES;
				CLANG_WARN_DIRECT_OBJC_ISA_USAGE = YES_ERROR;
				CLANG_WARN_DOCUMENTATION_COMMENTS = YES;
				CLANG_WARN_EMPTY_BODY = YES;
				CLANG_WARN_ENUM_CONVERSION = YES;
				CLANG_WARN_INFINITE_RECURSION = YES;
				CLANG_WARN_INT_CONVERSION = YES;
				CLANG_WARN_NON_LITERAL_NULL_CONVERSION = YES;
				CLANG_WARN_OBJC_IMPLICIT_RETAIN_SELF = YES;
				CLANG_WARN_OBJC_LITERAL_CONVERSION = YES;
				CLANG_WARN_OBJC_ROOT_CLASS = YES_ERROR;
				CLANG_WARN_QUOTED_INCLUDE_IN_FRAMEWORK_HEADER = YES;
				CLANG_WARN_RANGE_LOOP_ANALYSIS = YES;
				CLANG_WARN_STRICT_PROTOTYPES = YES;
				CLANG_WARN_SUSPICIOUS_MOVE = YES;
				CLANG_WARN_UNGUARDED_AVAILABILITY = YES_AGGRESSIVE;
				CLANG_WARN_UNREACHABLE_CODE = YES;
				CLANG_WARN__DUPLICATE_METHOD_MATCH = YES;
				COPY_PHASE_STRIP = NO;
				DEBUG_INFORMATION_FORMAT = dwarf;
				ENABLE_STRICT_OBJC_MSGSEND = YES;
				ENABLE_TESTABILITY = YES;
				GCC_C_LANGUAGE_STANDARD = gnu11;
				GCC_DYNAMIC_NO_PIC = NO;
				GCC_NO_COMMON_BLOCKS = YES;
				GCC_OPTIMIZATION_LEVEL = 0;
				GCC_PREPROCESSOR_DEFINITIONS = (
					"DEBUG=1",
					"$(inherited)",
				);
				GCC_WARN_64_TO_32_BIT_CONVERSION = YES;
				GCC_WARN_ABOUT_RETURN_TYPE = YES_ERROR;
				GCC_WARN_UNDECLARED_SELECTOR = YES;
				GCC_WARN_UNINITIALIZED_AUTOS = YES_AGGRESSIVE;
				GCC_WARN_UNUSED_FUNCTION = YES;
				GCC_WARN_UNUSED_VARIABLE = YES;
				IPHONEOS_DEPLOYMENT_TARGET = 15.4;
				MTL_ENABLE_DEBUG_INFO = INCLUDE_SOURCE;
				MTL_FAST_MATH = YES;
				ONLY_ACTIVE_ARCH = YES;
				SDKROOT = iphoneos;
				SWIFT_ACTIVE_COMPILATION_CONDITIONS = DEBUG;
				SWIFT_OPTIMIZATION_LEVEL = "-Onone";
			};
			name = Debug;
		};
		3EBC817A2843522B00794955 /* Release */ = {
			isa = XCBuildConfiguration;
			buildSettings = {
				ALWAYS_SEARCH_USER_PATHS = NO;
				CLANG_ANALYZER_NONNULL = YES;
				CLANG_ANALYZER_NUMBER_OBJECT_CONVERSION = YES_AGGRESSIVE;
				CLANG_CXX_LANGUAGE_STANDARD = "gnu++17";
				CLANG_ENABLE_MODULES = YES;
				CLANG_ENABLE_OBJC_ARC = YES;
				CLANG_ENABLE_OBJC_WEAK = YES;
				CLANG_WARN_BLOCK_CAPTURE_AUTORELEASING = YES;
				CLANG_WARN_BOOL_CONVERSION = YES;
				CLANG_WARN_COMMA = YES;
				CLANG_WARN_CONSTANT_CONVERSION = YES;
				CLANG_WARN_DEPRECATED_OBJC_IMPLEMENTATIONS = YES;
				CLANG_WARN_DIRECT_OBJC_ISA_USAGE = YES_ERROR;
				CLANG_WARN_DOCUMENTATION_COMMENTS = YES;
				CLANG_WARN_EMPTY_BODY = YES;
				CLANG_WARN_ENUM_CONVERSION = YES;
				CLANG_WARN_INFINITE_RECURSION = YES;
				CLANG_WARN_INT_CONVERSION = YES;
				CLANG_WARN_NON_LITERAL_NULL_CONVERSION = YES;
				CLANG_WARN_OBJC_IMPLICIT_RETAIN_SELF = YES;
				CLANG_WARN_OBJC_LITERAL_CONVERSION = YES;
				CLANG_WARN_OBJC_ROOT_CLASS = YES_ERROR;
				CLANG_WARN_QUOTED_INCLUDE_IN_FRAMEWORK_HEADER = YES;
				CLANG_WARN_RANGE_LOOP_ANALYSIS = YES;
				CLANG_WARN_STRICT_PROTOTYPES = YES;
				CLANG_WARN_SUSPICIOUS_MOVE = YES;
				CLANG_WARN_UNGUARDED_AVAILABILITY = YES_AGGRESSIVE;
				CLANG_WARN_UNREACHABLE_CODE = YES;
				CLANG_WARN__DUPLICATE_METHOD_MATCH = YES;
				COPY_PHASE_STRIP = NO;
				DEBUG_INFORMATION_FORMAT = "dwarf-with-dsym";
				ENABLE_NS_ASSERTIONS = NO;
				ENABLE_STRICT_OBJC_MSGSEND = YES;
				GCC_C_LANGUAGE_STANDARD = gnu11;
				GCC_NO_COMMON_BLOCKS = YES;
				GCC_WARN_64_TO_32_BIT_CONVERSION = YES;
				GCC_WARN_ABOUT_RETURN_TYPE = YES_ERROR;
				GCC_WARN_UNDECLARED_SELECTOR = YES;
				GCC_WARN_UNINITIALIZED_AUTOS = YES_AGGRESSIVE;
				GCC_WARN_UNUSED_FUNCTION = YES;
				GCC_WARN_UNUSED_VARIABLE = YES;
				IPHONEOS_DEPLOYMENT_TARGET = 15.4;
				MTL_ENABLE_DEBUG_INFO = NO;
				MTL_FAST_MATH = YES;
				SDKROOT = iphoneos;
				SWIFT_COMPILATION_MODE = wholemodule;
				SWIFT_OPTIMIZATION_LEVEL = "-O";
				VALIDATE_PRODUCT = YES;
			};
			name = Release;
		};
		3EBC817C2843522B00794955 /* Debug */ = {
			isa = XCBuildConfiguration;
			buildSettings = {
				ASSETCATALOG_COMPILER_APPICON_NAME = AppIcon;
				ASSETCATALOG_COMPILER_GLOBAL_ACCENT_COLOR_NAME = AccentColor;
				CODE_SIGN_STYLE = Automatic;
				CURRENT_PROJECT_VERSION = 1;
				DEVELOPMENT_ASSET_PATHS = "\"DonWorry/Preview Content\"";
				DEVELOPMENT_TEAM = 562Z37RH3N;
				ENABLE_PREVIEWS = YES;
				GENERATE_INFOPLIST_FILE = YES;
				INFOPLIST_KEY_UIApplicationSceneManifest_Generation = YES;
				INFOPLIST_KEY_UIApplicationSupportsIndirectInputEvents = YES;
				INFOPLIST_KEY_UILaunchScreen_Generation = YES;
				INFOPLIST_KEY_UISupportedInterfaceOrientations_iPad = "UIInterfaceOrientationPortrait UIInterfaceOrientationPortraitUpsideDown UIInterfaceOrientationLandscapeLeft UIInterfaceOrientationLandscapeRight";
				INFOPLIST_KEY_UISupportedInterfaceOrientations_iPhone = "UIInterfaceOrientationPortrait UIInterfaceOrientationLandscapeLeft UIInterfaceOrientationLandscapeRight";
				LD_RUNPATH_SEARCH_PATHS = (
					"$(inherited)",
					"@executable_path/Frameworks",
				);
				MARKETING_VERSION = 1.0;
				PRODUCT_BUNDLE_IDENTIFIER = "-0220301.DonWorry";
				PRODUCT_NAME = "$(TARGET_NAME)";
				SWIFT_EMIT_LOC_STRINGS = YES;
				SWIFT_VERSION = 5.0;
				TARGETED_DEVICE_FAMILY = "1,2";
			};
			name = Debug;
		};
		3EBC817D2843522B00794955 /* Release */ = {
			isa = XCBuildConfiguration;
			buildSettings = {
				ASSETCATALOG_COMPILER_APPICON_NAME = AppIcon;
				ASSETCATALOG_COMPILER_GLOBAL_ACCENT_COLOR_NAME = AccentColor;
				CODE_SIGN_STYLE = Automatic;
				CURRENT_PROJECT_VERSION = 1;
				DEVELOPMENT_ASSET_PATHS = "\"DonWorry/Preview Content\"";
				DEVELOPMENT_TEAM = 562Z37RH3N;
				ENABLE_PREVIEWS = YES;
				GENERATE_INFOPLIST_FILE = YES;
				INFOPLIST_KEY_UIApplicationSceneManifest_Generation = YES;
				INFOPLIST_KEY_UIApplicationSupportsIndirectInputEvents = YES;
				INFOPLIST_KEY_UILaunchScreen_Generation = YES;
				INFOPLIST_KEY_UISupportedInterfaceOrientations_iPad = "UIInterfaceOrientationPortrait UIInterfaceOrientationPortraitUpsideDown UIInterfaceOrientationLandscapeLeft UIInterfaceOrientationLandscapeRight";
				INFOPLIST_KEY_UISupportedInterfaceOrientations_iPhone = "UIInterfaceOrientationPortrait UIInterfaceOrientationLandscapeLeft UIInterfaceOrientationLandscapeRight";
				LD_RUNPATH_SEARCH_PATHS = (
					"$(inherited)",
					"@executable_path/Frameworks",
				);
				MARKETING_VERSION = 1.0;
				PRODUCT_BUNDLE_IDENTIFIER = "-0220301.DonWorry";
				PRODUCT_NAME = "$(TARGET_NAME)";
				SWIFT_EMIT_LOC_STRINGS = YES;
				SWIFT_VERSION = 5.0;
				TARGETED_DEVICE_FAMILY = "1,2";
			};
			name = Release;
		};
		3EBC817F2843522B00794955 /* Debug */ = {
			isa = XCBuildConfiguration;
			buildSettings = {
				ALWAYS_EMBED_SWIFT_STANDARD_LIBRARIES = YES;
				BUNDLE_LOADER = "$(TEST_HOST)";
				CODE_SIGN_STYLE = Automatic;
				CURRENT_PROJECT_VERSION = 1;
				GENERATE_INFOPLIST_FILE = YES;
				IPHONEOS_DEPLOYMENT_TARGET = 15.5;
				MARKETING_VERSION = 1.0;
				PRODUCT_BUNDLE_IDENTIFIER = "-0220301.DonWorryTests";
				PRODUCT_NAME = "$(TARGET_NAME)";
				SWIFT_EMIT_LOC_STRINGS = NO;
				SWIFT_VERSION = 5.0;
				TARGETED_DEVICE_FAMILY = "1,2";
				TEST_HOST = "$(BUILT_PRODUCTS_DIR)/DonWorry.app/DonWorry";
			};
			name = Debug;
		};
		3EBC81802843522B00794955 /* Release */ = {
			isa = XCBuildConfiguration;
			buildSettings = {
				ALWAYS_EMBED_SWIFT_STANDARD_LIBRARIES = YES;
				BUNDLE_LOADER = "$(TEST_HOST)";
				CODE_SIGN_STYLE = Automatic;
				CURRENT_PROJECT_VERSION = 1;
				GENERATE_INFOPLIST_FILE = YES;
				IPHONEOS_DEPLOYMENT_TARGET = 15.5;
				MARKETING_VERSION = 1.0;
				PRODUCT_BUNDLE_IDENTIFIER = "-0220301.DonWorryTests";
				PRODUCT_NAME = "$(TARGET_NAME)";
				SWIFT_EMIT_LOC_STRINGS = NO;
				SWIFT_VERSION = 5.0;
				TARGETED_DEVICE_FAMILY = "1,2";
				TEST_HOST = "$(BUILT_PRODUCTS_DIR)/DonWorry.app/DonWorry";
			};
			name = Release;
		};
		3EBC81822843522B00794955 /* Debug */ = {
			isa = XCBuildConfiguration;
			buildSettings = {
				ALWAYS_EMBED_SWIFT_STANDARD_LIBRARIES = YES;
				CODE_SIGN_STYLE = Automatic;
				CURRENT_PROJECT_VERSION = 1;
				GENERATE_INFOPLIST_FILE = YES;
				MARKETING_VERSION = 1.0;
				PRODUCT_BUNDLE_IDENTIFIER = "-0220301.DonWorryUITests";
				PRODUCT_NAME = "$(TARGET_NAME)";
				SWIFT_EMIT_LOC_STRINGS = NO;
				SWIFT_VERSION = 5.0;
				TARGETED_DEVICE_FAMILY = "1,2";
				TEST_TARGET_NAME = DonWorry;
			};
			name = Debug;
		};
		3EBC81832843522B00794955 /* Release */ = {
			isa = XCBuildConfiguration;
			buildSettings = {
				ALWAYS_EMBED_SWIFT_STANDARD_LIBRARIES = YES;
				CODE_SIGN_STYLE = Automatic;
				CURRENT_PROJECT_VERSION = 1;
				GENERATE_INFOPLIST_FILE = YES;
				MARKETING_VERSION = 1.0;
				PRODUCT_BUNDLE_IDENTIFIER = "-0220301.DonWorryUITests";
				PRODUCT_NAME = "$(TARGET_NAME)";
				SWIFT_EMIT_LOC_STRINGS = NO;
				SWIFT_VERSION = 5.0;
				TARGETED_DEVICE_FAMILY = "1,2";
				TEST_TARGET_NAME = DonWorry;
			};
			name = Release;
		};
/* End XCBuildConfiguration section */

/* Begin XCConfigurationList section */
		3EBC81522843522900794955 /* Build configuration list for PBXProject "DonWorry" */ = {
			isa = XCConfigurationList;
			buildConfigurations = (
				3EBC81792843522B00794955 /* Debug */,
				3EBC817A2843522B00794955 /* Release */,
			);
			defaultConfigurationIsVisible = 0;
			defaultConfigurationName = Release;
		};
		3EBC817B2843522B00794955 /* Build configuration list for PBXNativeTarget "DonWorry" */ = {
			isa = XCConfigurationList;
			buildConfigurations = (
				3EBC817C2843522B00794955 /* Debug */,
				3EBC817D2843522B00794955 /* Release */,
			);
			defaultConfigurationIsVisible = 0;
			defaultConfigurationName = Release;
		};
		3EBC817E2843522B00794955 /* Build configuration list for PBXNativeTarget "DonWorryTests" */ = {
			isa = XCConfigurationList;
			buildConfigurations = (
				3EBC817F2843522B00794955 /* Debug */,
				3EBC81802843522B00794955 /* Release */,
			);
			defaultConfigurationIsVisible = 0;
			defaultConfigurationName = Release;
		};
		3EBC81812843522B00794955 /* Build configuration list for PBXNativeTarget "DonWorryUITests" */ = {
			isa = XCConfigurationList;
			buildConfigurations = (
				3EBC81822843522B00794955 /* Debug */,
				3EBC81832843522B00794955 /* Release */,
			);
			defaultConfigurationIsVisible = 0;
			defaultConfigurationName = Release;
		};
/* End XCConfigurationList section */
	};
	rootObject = 3EBC814F2843522900794955 /* Project object */;
}
