// !$*UTF8*$!
{
	archiveVersion = 1;
	classes = {
	};
	objectVersion = 55;
	objects = {

/* Begin PBXBuildFile section */
		2CC211822849F0FA0009F785 /* SignInView.swift in Sources */ = {isa = PBXBuildFile; fileRef = 2CC211812849F0FA0009F785 /* SignInView.swift */; };
		2CC211842849F1160009F785 /* UserInfoView.swift in Sources */ = {isa = PBXBuildFile; fileRef = 2CC211832849F1160009F785 /* UserInfoView.swift */; };
		2CC211862849F1230009F785 /* ToSView.swift in Sources */ = {isa = PBXBuildFile; fileRef = 2CC211852849F1230009F785 /* ToSView.swift */; };
		2CC211882849F1300009F785 /* TermView.swift in Sources */ = {isa = PBXBuildFile; fileRef = 2CC211872849F1300009F785 /* TermView.swift */; };
		2CC2118A2849F1400009F785 /* LoginButtonView.swift in Sources */ = {isa = PBXBuildFile; fileRef = 2CC211892849F1400009F785 /* LoginButtonView.swift */; };
		2CC2118C2849F1CF0009F785 /* TermModel.swift in Sources */ = {isa = PBXBuildFile; fileRef = 2CC2118B2849F1CF0009F785 /* TermModel.swift */; };
		2CC21192284AF14C0009F785 /* AccountTextField.swift in Sources */ = {isa = PBXBuildFile; fileRef = 2CC21191284AF14C0009F785 /* AccountTextField.swift */; };
		2CF61B3A2849AF97004C3768 /* SpaceEmptyView.swift in Sources */ = {isa = PBXBuildFile; fileRef = 2CF61B392849AF97004C3768 /* SpaceEmptyView.swift */; };
		2CF61B3D2849B00B004C3768 /* NewPaymentTitle.swift in Sources */ = {isa = PBXBuildFile; fileRef = 2CF61B3C2849B00B004C3768 /* NewPaymentTitle.swift */; };
		2CF61B3F2849B18A004C3768 /* NewPaymentIcon.swift in Sources */ = {isa = PBXBuildFile; fileRef = 2CF61B3E2849B18A004C3768 /* NewPaymentIcon.swift */; };
		2CF61B412849B1A0004C3768 /* NewPaymentPrice.swift in Sources */ = {isa = PBXBuildFile; fileRef = 2CF61B402849B1A0004C3768 /* NewPaymentPrice.swift */; };
		2CF61B432849B271004C3768 /* NewPaymentDetail.swift in Sources */ = {isa = PBXBuildFile; fileRef = 2CF61B422849B271004C3768 /* NewPaymentDetail.swift */; };
		2CF61B442849B332004C3768 /* Assets.xcassets in Resources */ = {isa = PBXBuildFile; fileRef = 3EBC815E2843522A00794955 /* Assets.xcassets */; };
		3EBC815B2843522900794955 /* DonWorryApp.swift in Sources */ = {isa = PBXBuildFile; fileRef = 3EBC815A2843522900794955 /* DonWorryApp.swift */; };
		3EBC815D2843522900794955 /* ContentView.swift in Sources */ = {isa = PBXBuildFile; fileRef = 3EBC815C2843522900794955 /* ContentView.swift */; };
		3EBC816C2843522A00794955 /* DonWorryTests.swift in Sources */ = {isa = PBXBuildFile; fileRef = 3EBC816B2843522A00794955 /* DonWorryTests.swift */; };
		3EBC81762843522B00794955 /* DonWorryUITests.swift in Sources */ = {isa = PBXBuildFile; fileRef = 3EBC81752843522B00794955 /* DonWorryUITests.swift */; };
		3EBC81782843522B00794955 /* DonWorryUITestsLaunchTests.swift in Sources */ = {isa = PBXBuildFile; fileRef = 3EBC81772843522B00794955 /* DonWorryUITestsLaunchTests.swift */; };
		4D6229BA2848FEE300A8E24C /* CardView.swift in Sources */ = {isa = PBXBuildFile; fileRef = 4D6229B92848FEE300A8E24C /* CardView.swift */; };
		4D6229BB2849075800A8E24C /* Assets.xcassets in Resources */ = {isa = PBXBuildFile; fileRef = 3EBC815E2843522A00794955 /* Assets.xcassets */; };
		4D6229BD284925B900A8E24C /* PreviewCardView.swift in Sources */ = {isa = PBXBuildFile; fileRef = 4D6229BC284925B900A8E24C /* PreviewCardView.swift */; };
		4D6229C0284926F600A8E24C /* PhotoPicker.swift in Sources */ = {isa = PBXBuildFile; fileRef = 4D6229BF284926F600A8E24C /* PhotoPicker.swift */; };
		4D6229C32849277500A8E24C /* Fonts.swift in Sources */ = {isa = PBXBuildFile; fileRef = 4D6229C22849277500A8E24C /* Fonts.swift */; };
		4D6229C5284927C800A8E24C /* GmarketSansTTFLight.ttf in Resources */ = {isa = PBXBuildFile; fileRef = 4D6229C4284927C800A8E24C /* GmarketSansTTFLight.ttf */; };
		4D6229C7284927E100A8E24C /* GmarketSansTTFBold.ttf in Resources */ = {isa = PBXBuildFile; fileRef = 4D6229C6284927E100A8E24C /* GmarketSansTTFBold.ttf */; };
		4D6229CA2849295300A8E24C /* ImageManager.swift in Sources */ = {isa = PBXBuildFile; fileRef = 4D6229C92849295300A8E24C /* ImageManager.swift */; };
		4D6229CD284929C000A8E24C /* DecorateCardView.swift in Sources */ = {isa = PBXBuildFile; fileRef = 4D6229CC284929C000A8E24C /* DecorateCardView.swift */; };
		A704FC3F284E01A300AC9736 /* SlideOverCard.swift in Sources */ = {isa = PBXBuildFile; fileRef = A704FC3E284E01A200AC9736 /* SlideOverCard.swift */; };
		A704FC42284E01E400AC9736 /* SlideOverCard in Frameworks */ = {isa = PBXBuildFile; productRef = A704FC41284E01E400AC9736 /* SlideOverCard */; };
		A704FC44284F6B5200AC9736 /* ShareSheet.swift in Sources */ = {isa = PBXBuildFile; fileRef = A704FC43284F6B5200AC9736 /* ShareSheet.swift */; };
		A744799D28476AC80083BBF4 /* HomeView.swift in Sources */ = {isa = PBXBuildFile; fileRef = A744799C28476AC80083BBF4 /* HomeView.swift */; };
		A744799F28476AD00083BBF4 /* FileViewModels.swift in Sources */ = {isa = PBXBuildFile; fileRef = A744799E28476AD00083BBF4 /* FileViewModels.swift */; };
		A74479A128476ADA0083BBF4 /* User.swift in Sources */ = {isa = PBXBuildFile; fileRef = A74479A028476ADA0083BBF4 /* User.swift */; };
		A74479A328476ADE0083BBF4 /* FileServices.swift in Sources */ = {isa = PBXBuildFile; fileRef = A74479A228476ADE0083BBF4 /* FileServices.swift */; };
		A74479A528476AE30083BBF4 /* ColorExtension.swift in Sources */ = {isa = PBXBuildFile; fileRef = A74479A428476AE30083BBF4 /* ColorExtension.swift */; };
		A74479A728476AE70083BBF4 /* FileHelper.swift in Sources */ = {isa = PBXBuildFile; fileRef = A74479A628476AE70083BBF4 /* FileHelper.swift */; };
		A74479A928476AEC0083BBF4 /* FileUtilities.swift in Sources */ = {isa = PBXBuildFile; fileRef = A74479A828476AEC0083BBF4 /* FileUtilities.swift */; };
		A74479AB28476AF10083BBF4 /* FileResources.swift in Sources */ = {isa = PBXBuildFile; fileRef = A74479AA28476AF10083BBF4 /* FileResources.swift */; };
		A74479AD2847A0580083BBF4 /* LargeButton.swift in Sources */ = {isa = PBXBuildFile; fileRef = A74479AC2847A0580083BBF4 /* LargeButton.swift */; };
		A74479AF2847A0600083BBF4 /* MediumButton.swift in Sources */ = {isa = PBXBuildFile; fileRef = A74479AE2847A0600083BBF4 /* MediumButton.swift */; };
		A74479B12847A8190083BBF4 /* SmallButton.swift in Sources */ = {isa = PBXBuildFile; fileRef = A74479B02847A8190083BBF4 /* SmallButton.swift */; };
		A74479B32847BE170083BBF4 /* XSmallButton.swift in Sources */ = {isa = PBXBuildFile; fileRef = A74479B22847BE170083BBF4 /* XSmallButton.swift */; };
		A74479B72847C5390083BBF4 /* NoticeTextMsg.swift in Sources */ = {isa = PBXBuildFile; fileRef = A74479B62847C5390083BBF4 /* NoticeTextMsg.swift */; };
		A74479B92847C99A0083BBF4 /* UnderlineTextField.swift in Sources */ = {isa = PBXBuildFile; fileRef = A74479B82847C99A0083BBF4 /* UnderlineTextField.swift */; };
		A74479BD2847DF340083BBF4 /* HalfSheetModal.swift in Sources */ = {isa = PBXBuildFile; fileRef = A74479BC2847DF340083BBF4 /* HalfSheetModal.swift */; };
		A74479BF2847DF8D0083BBF4 /* SampleViewWithSheet.swift in Sources */ = {isa = PBXBuildFile; fileRef = A74479BE2847DF8D0083BBF4 /* SampleViewWithSheet.swift */; };
		A74479C22847E3760083BBF4 /* ChipButton.swift in Sources */ = {isa = PBXBuildFile; fileRef = A74479C12847E3760083BBF4 /* ChipButton.swift */; };
		A74479D3284917990083BBF4 /* ProfileView.swift in Sources */ = {isa = PBXBuildFile; fileRef = A74479D2284917990083BBF4 /* ProfileView.swift */; };
		A74479D4284918270083BBF4 /* Assets.xcassets in Resources */ = {isa = PBXBuildFile; fileRef = 3EBC815E2843522A00794955 /* Assets.xcassets */; };
		A74479D6284918D60083BBF4 /* EditProfileView.swift in Sources */ = {isa = PBXBuildFile; fileRef = A74479D5284918D60083BBF4 /* EditProfileView.swift */; };
		A74479D8284918EB0083BBF4 /* EditAccountView.swift in Sources */ = {isa = PBXBuildFile; fileRef = A74479D7284918EB0083BBF4 /* EditAccountView.swift */; };
		C0030EE32848C7880017125A /* Assets.xcassets in Resources */ = {isa = PBXBuildFile; fileRef = 3EBC815E2843522A00794955 /* Assets.xcassets */; };
		C021ABCA284B2E5600B15AFF /* HalfCircleProgressBar.swift in Sources */ = {isa = PBXBuildFile; fileRef = C021ABC9284B2E5600B15AFF /* HalfCircleProgressBar.swift */; };
		C07ECB392849919C000C42C1 /* RoomSwitchCellView.swift in Sources */ = {isa = PBXBuildFile; fileRef = C07ECB382849919C000C42C1 /* RoomSwitchCellView.swift */; };
		C0931808284C3EF900E3C9AA /* UserModels.swift in Sources */ = {isa = PBXBuildFile; fileRef = C0931807284C3EF900E3C9AA /* UserModels.swift */; };
		C0936BFD284876800064CEFA /* ParticipateCard.swift in Sources */ = {isa = PBXBuildFile; fileRef = C0936BFC284876800064CEFA /* ParticipateCard.swift */; };
		C0936BFF28487FFC0064CEFA /* GiverCard.swift in Sources */ = {isa = PBXBuildFile; fileRef = C0936BFE28487FFC0064CEFA /* GiverCard.swift */; };
		C09C89712849101700E2A929 /* TakerCard.swift in Sources */ = {isa = PBXBuildFile; fileRef = C09C89702849101700E2A929 /* TakerCard.swift */; };
/* End PBXBuildFile section */

/* Begin PBXContainerItemProxy section */
		3EBC81682843522A00794955 /* PBXContainerItemProxy */ = {
			isa = PBXContainerItemProxy;
			containerPortal = 3EBC814F2843522900794955 /* Project object */;
			proxyType = 1;
			remoteGlobalIDString = 3EBC81562843522900794955;
			remoteInfo = DonWorry;
		};
		3EBC81722843522B00794955 /* PBXContainerItemProxy */ = {
			isa = PBXContainerItemProxy;
			containerPortal = 3EBC814F2843522900794955 /* Project object */;
			proxyType = 1;
			remoteGlobalIDString = 3EBC81562843522900794955;
			remoteInfo = DonWorry;
		};
/* End PBXContainerItemProxy section */

/* Begin PBXFileReference section */
		2CC211812849F0FA0009F785 /* SignInView.swift */ = {isa = PBXFileReference; lastKnownFileType = sourcecode.swift; path = SignInView.swift; sourceTree = "<group>"; };
		2CC211832849F1160009F785 /* UserInfoView.swift */ = {isa = PBXFileReference; lastKnownFileType = sourcecode.swift; path = UserInfoView.swift; sourceTree = "<group>"; };
		2CC211852849F1230009F785 /* ToSView.swift */ = {isa = PBXFileReference; lastKnownFileType = sourcecode.swift; path = ToSView.swift; sourceTree = "<group>"; };
		2CC211872849F1300009F785 /* TermView.swift */ = {isa = PBXFileReference; lastKnownFileType = sourcecode.swift; path = TermView.swift; sourceTree = "<group>"; };
		2CC211892849F1400009F785 /* LoginButtonView.swift */ = {isa = PBXFileReference; lastKnownFileType = sourcecode.swift; path = LoginButtonView.swift; sourceTree = "<group>"; };
		2CC2118B2849F1CF0009F785 /* TermModel.swift */ = {isa = PBXFileReference; lastKnownFileType = sourcecode.swift; path = TermModel.swift; sourceTree = "<group>"; };
		2CC21191284AF14C0009F785 /* AccountTextField.swift */ = {isa = PBXFileReference; lastKnownFileType = sourcecode.swift; path = AccountTextField.swift; sourceTree = "<group>"; };
		2CF61B392849AF97004C3768 /* SpaceEmptyView.swift */ = {isa = PBXFileReference; lastKnownFileType = sourcecode.swift; path = SpaceEmptyView.swift; sourceTree = "<group>"; };
		2CF61B3C2849B00B004C3768 /* NewPaymentTitle.swift */ = {isa = PBXFileReference; lastKnownFileType = sourcecode.swift; path = NewPaymentTitle.swift; sourceTree = "<group>"; };
		2CF61B3E2849B18A004C3768 /* NewPaymentIcon.swift */ = {isa = PBXFileReference; lastKnownFileType = sourcecode.swift; path = NewPaymentIcon.swift; sourceTree = "<group>"; };
		2CF61B402849B1A0004C3768 /* NewPaymentPrice.swift */ = {isa = PBXFileReference; lastKnownFileType = sourcecode.swift; path = NewPaymentPrice.swift; sourceTree = "<group>"; };
		2CF61B422849B271004C3768 /* NewPaymentDetail.swift */ = {isa = PBXFileReference; lastKnownFileType = sourcecode.swift; path = NewPaymentDetail.swift; sourceTree = "<group>"; };
		3EBC81572843522900794955 /* DonWorry.app */ = {isa = PBXFileReference; explicitFileType = wrapper.application; includeInIndex = 0; path = DonWorry.app; sourceTree = BUILT_PRODUCTS_DIR; };
		3EBC815A2843522900794955 /* DonWorryApp.swift */ = {isa = PBXFileReference; lastKnownFileType = sourcecode.swift; path = DonWorryApp.swift; sourceTree = "<group>"; };
		3EBC815C2843522900794955 /* ContentView.swift */ = {isa = PBXFileReference; lastKnownFileType = sourcecode.swift; path = ContentView.swift; sourceTree = "<group>"; };
		3EBC815E2843522A00794955 /* Assets.xcassets */ = {isa = PBXFileReference; lastKnownFileType = folder.assetcatalog; path = Assets.xcassets; sourceTree = "<group>"; };
		3EBC81612843522A00794955 /* Preview Assets.xcassets */ = {isa = PBXFileReference; lastKnownFileType = folder.assetcatalog; path = "Preview Assets.xcassets"; sourceTree = "<group>"; };
		3EBC81672843522A00794955 /* DonWorryTests.xctest */ = {isa = PBXFileReference; explicitFileType = wrapper.cfbundle; includeInIndex = 0; path = DonWorryTests.xctest; sourceTree = BUILT_PRODUCTS_DIR; };
		3EBC816B2843522A00794955 /* DonWorryTests.swift */ = {isa = PBXFileReference; lastKnownFileType = sourcecode.swift; path = DonWorryTests.swift; sourceTree = "<group>"; };
		3EBC81712843522B00794955 /* DonWorryUITests.xctest */ = {isa = PBXFileReference; explicitFileType = wrapper.cfbundle; includeInIndex = 0; path = DonWorryUITests.xctest; sourceTree = BUILT_PRODUCTS_DIR; };
		3EBC81752843522B00794955 /* DonWorryUITests.swift */ = {isa = PBXFileReference; lastKnownFileType = sourcecode.swift; path = DonWorryUITests.swift; sourceTree = "<group>"; };
		3EBC81772843522B00794955 /* DonWorryUITestsLaunchTests.swift */ = {isa = PBXFileReference; lastKnownFileType = sourcecode.swift; path = DonWorryUITestsLaunchTests.swift; sourceTree = "<group>"; };
		4D6229B92848FEE300A8E24C /* CardView.swift */ = {isa = PBXFileReference; lastKnownFileType = sourcecode.swift; path = CardView.swift; sourceTree = "<group>"; };
		4D6229BC284925B900A8E24C /* PreviewCardView.swift */ = {isa = PBXFileReference; lastKnownFileType = sourcecode.swift; path = PreviewCardView.swift; sourceTree = "<group>"; };
		4D6229BF284926F600A8E24C /* PhotoPicker.swift */ = {isa = PBXFileReference; lastKnownFileType = sourcecode.swift; path = PhotoPicker.swift; sourceTree = "<group>"; };
		4D6229C22849277500A8E24C /* Fonts.swift */ = {isa = PBXFileReference; lastKnownFileType = sourcecode.swift; path = Fonts.swift; sourceTree = "<group>"; };
		4D6229C4284927C800A8E24C /* GmarketSansTTFLight.ttf */ = {isa = PBXFileReference; lastKnownFileType = file; path = GmarketSansTTFLight.ttf; sourceTree = "<group>"; };
		4D6229C6284927E100A8E24C /* GmarketSansTTFBold.ttf */ = {isa = PBXFileReference; lastKnownFileType = file; path = GmarketSansTTFBold.ttf; sourceTree = "<group>"; };
		4D6229C92849295300A8E24C /* ImageManager.swift */ = {isa = PBXFileReference; lastKnownFileType = sourcecode.swift; path = ImageManager.swift; sourceTree = "<group>"; };
		4D6229CC284929C000A8E24C /* DecorateCardView.swift */ = {isa = PBXFileReference; lastKnownFileType = sourcecode.swift; path = DecorateCardView.swift; sourceTree = "<group>"; };
		A704FC3E284E01A200AC9736 /* SlideOverCard.swift */ = {isa = PBXFileReference; lastKnownFileType = sourcecode.swift; path = SlideOverCard.swift; sourceTree = "<group>"; };
		A704FC43284F6B5200AC9736 /* ShareSheet.swift */ = {isa = PBXFileReference; lastKnownFileType = sourcecode.swift; path = ShareSheet.swift; sourceTree = "<group>"; };
		A744799C28476AC80083BBF4 /* HomeView.swift */ = {isa = PBXFileReference; lastKnownFileType = sourcecode.swift; path = HomeView.swift; sourceTree = "<group>"; };
		A744799E28476AD00083BBF4 /* FileViewModels.swift */ = {isa = PBXFileReference; lastKnownFileType = sourcecode.swift; path = FileViewModels.swift; sourceTree = "<group>"; };
		A74479A028476ADA0083BBF4 /* User.swift */ = {isa = PBXFileReference; lastKnownFileType = sourcecode.swift; path = User.swift; sourceTree = "<group>"; };
		A74479A228476ADE0083BBF4 /* FileServices.swift */ = {isa = PBXFileReference; lastKnownFileType = sourcecode.swift; path = FileServices.swift; sourceTree = "<group>"; };
		A74479A428476AE30083BBF4 /* ColorExtension.swift */ = {isa = PBXFileReference; lastKnownFileType = sourcecode.swift; path = ColorExtension.swift; sourceTree = "<group>"; };
		A74479A628476AE70083BBF4 /* FileHelper.swift */ = {isa = PBXFileReference; lastKnownFileType = sourcecode.swift; path = FileHelper.swift; sourceTree = "<group>"; };
		A74479A828476AEC0083BBF4 /* FileUtilities.swift */ = {isa = PBXFileReference; lastKnownFileType = sourcecode.swift; path = FileUtilities.swift; sourceTree = "<group>"; };
		A74479AA28476AF10083BBF4 /* FileResources.swift */ = {isa = PBXFileReference; lastKnownFileType = sourcecode.swift; path = FileResources.swift; sourceTree = "<group>"; };
		A74479AC2847A0580083BBF4 /* LargeButton.swift */ = {isa = PBXFileReference; lastKnownFileType = sourcecode.swift; path = LargeButton.swift; sourceTree = "<group>"; };
		A74479AE2847A0600083BBF4 /* MediumButton.swift */ = {isa = PBXFileReference; lastKnownFileType = sourcecode.swift; path = MediumButton.swift; sourceTree = "<group>"; };
		A74479B02847A8190083BBF4 /* SmallButton.swift */ = {isa = PBXFileReference; lastKnownFileType = sourcecode.swift; path = SmallButton.swift; sourceTree = "<group>"; };
		A74479B22847BE170083BBF4 /* XSmallButton.swift */ = {isa = PBXFileReference; lastKnownFileType = sourcecode.swift; path = XSmallButton.swift; sourceTree = "<group>"; };
		A74479B62847C5390083BBF4 /* NoticeTextMsg.swift */ = {isa = PBXFileReference; lastKnownFileType = sourcecode.swift; path = NoticeTextMsg.swift; sourceTree = "<group>"; };
		A74479B82847C99A0083BBF4 /* UnderlineTextField.swift */ = {isa = PBXFileReference; lastKnownFileType = sourcecode.swift; path = UnderlineTextField.swift; sourceTree = "<group>"; };
		A74479BC2847DF340083BBF4 /* HalfSheetModal.swift */ = {isa = PBXFileReference; lastKnownFileType = sourcecode.swift; path = HalfSheetModal.swift; sourceTree = "<group>"; };
		A74479BE2847DF8D0083BBF4 /* SampleViewWithSheet.swift */ = {isa = PBXFileReference; lastKnownFileType = sourcecode.swift; path = SampleViewWithSheet.swift; sourceTree = "<group>"; };
		A74479C12847E3760083BBF4 /* ChipButton.swift */ = {isa = PBXFileReference; lastKnownFileType = sourcecode.swift; path = ChipButton.swift; sourceTree = "<group>"; };
		A74479D2284917990083BBF4 /* ProfileView.swift */ = {isa = PBXFileReference; lastKnownFileType = sourcecode.swift; path = ProfileView.swift; sourceTree = "<group>"; };
		A74479D5284918D60083BBF4 /* EditProfileView.swift */ = {isa = PBXFileReference; lastKnownFileType = sourcecode.swift; path = EditProfileView.swift; sourceTree = "<group>"; };
		A74479D7284918EB0083BBF4 /* EditAccountView.swift */ = {isa = PBXFileReference; lastKnownFileType = sourcecode.swift; path = EditAccountView.swift; sourceTree = "<group>"; };
		C021ABC9284B2E5600B15AFF /* HalfCircleProgressBar.swift */ = {isa = PBXFileReference; lastKnownFileType = sourcecode.swift; path = HalfCircleProgressBar.swift; sourceTree = "<group>"; };
		C07ECB382849919C000C42C1 /* RoomSwitchCellView.swift */ = {isa = PBXFileReference; lastKnownFileType = sourcecode.swift; path = RoomSwitchCellView.swift; sourceTree = "<group>"; };
		C0931807284C3EF900E3C9AA /* UserModels.swift */ = {isa = PBXFileReference; lastKnownFileType = sourcecode.swift; path = UserModels.swift; sourceTree = "<group>"; };
		C0936BFC284876800064CEFA /* ParticipateCard.swift */ = {isa = PBXFileReference; lastKnownFileType = sourcecode.swift; path = ParticipateCard.swift; sourceTree = "<group>"; };
		C0936BFE28487FFC0064CEFA /* GiverCard.swift */ = {isa = PBXFileReference; lastKnownFileType = sourcecode.swift; path = GiverCard.swift; sourceTree = "<group>"; };
		C09C89702849101700E2A929 /* TakerCard.swift */ = {isa = PBXFileReference; lastKnownFileType = sourcecode.swift; path = TakerCard.swift; sourceTree = "<group>"; };
/* End PBXFileReference section */

/* Begin PBXFrameworksBuildPhase section */
		3EBC81542843522900794955 /* Frameworks */ = {
			isa = PBXFrameworksBuildPhase;
			buildActionMask = 2147483647;
			files = (
				A704FC42284E01E400AC9736 /* SlideOverCard in Frameworks */,
			);
			runOnlyForDeploymentPostprocessing = 0;
		};
		3EBC81642843522A00794955 /* Frameworks */ = {
			isa = PBXFrameworksBuildPhase;
			buildActionMask = 2147483647;
			files = (
			);
			runOnlyForDeploymentPostprocessing = 0;
		};
		3EBC816E2843522B00794955 /* Frameworks */ = {
			isa = PBXFrameworksBuildPhase;
			buildActionMask = 2147483647;
			files = (
			);
			runOnlyForDeploymentPostprocessing = 0;
		};
/* End PBXFrameworksBuildPhase section */

/* Begin PBXGroup section */
		2CC211802849EFDE0009F785 /* AuthView */ = {
			isa = PBXGroup;
			children = (
				2CC211812849F0FA0009F785 /* SignInView.swift */,
				2CC211832849F1160009F785 /* UserInfoView.swift */,
				2CC211852849F1230009F785 /* ToSView.swift */,
				2CC211892849F1400009F785 /* LoginButtonView.swift */,
				2CC211872849F1300009F785 /* TermView.swift */,
			);
			path = AuthView;
			sourceTree = "<group>";
		};
		2CF61B382849AF73004C3768 /* SpaceView */ = {
			isa = PBXGroup;
			children = (
				2CF61B392849AF97004C3768 /* SpaceEmptyView.swift */,
				2CF61B3B2849AF9A004C3768 /* PaymentView */,
			);
			path = SpaceView;
			sourceTree = "<group>";
		};
		2CF61B3B2849AF9A004C3768 /* PaymentView */ = {
			isa = PBXGroup;
			children = (
				2CF61B3C2849B00B004C3768 /* NewPaymentTitle.swift */,
				2CF61B3E2849B18A004C3768 /* NewPaymentIcon.swift */,
				2CF61B402849B1A0004C3768 /* NewPaymentPrice.swift */,
				2CF61B422849B271004C3768 /* NewPaymentDetail.swift */,
			);
			path = PaymentView;
			sourceTree = "<group>";
		};
		3EBC814E2843522900794955 = {
			isa = PBXGroup;
			children = (
				3EBC81592843522900794955 /* DonWorry */,
				3EBC816A2843522A00794955 /* DonWorryTests */,
				3EBC81742843522B00794955 /* DonWorryUITests */,
				3EBC81582843522900794955 /* Products */,
			);
			sourceTree = "<group>";
		};
		3EBC81582843522900794955 /* Products */ = {
			isa = PBXGroup;
			children = (
				3EBC81572843522900794955 /* DonWorry.app */,
				3EBC81672843522A00794955 /* DonWorryTests.xctest */,
				3EBC81712843522B00794955 /* DonWorryUITests.xctest */,
			);
			name = Products;
			sourceTree = "<group>";
		};
		3EBC81592843522900794955 /* DonWorry */ = {
			isa = PBXGroup;
			children = (
				A744799928475A830083BBF4 /* Resources */,
				A744799A28475A9A0083BBF4 /* Utilities */,
				A744799728475A270083BBF4 /* Helper */,
				A744799628475A210083BBF4 /* Extension */,
				A7447995284759D10083BBF4 /* Services */,
				A7447992284759A60083BBF4 /* Models */,
				A7447994284759C50083BBF4 /* ViewModels */,
				A7447993284759B50083BBF4 /* Views */,
				3EBC815A2843522900794955 /* DonWorryApp.swift */,
				3EBC815C2843522900794955 /* ContentView.swift */,
				A744799C28476AC80083BBF4 /* HomeView.swift */,
				3EBC815E2843522A00794955 /* Assets.xcassets */,
				3EBC81602843522A00794955 /* Preview Content */,
			);
			path = DonWorry;
			sourceTree = "<group>";
		};
		3EBC81602843522A00794955 /* Preview Content */ = {
			isa = PBXGroup;
			children = (
				3EBC81612843522A00794955 /* Preview Assets.xcassets */,
			);
			path = "Preview Content";
			sourceTree = "<group>";
		};
		3EBC816A2843522A00794955 /* DonWorryTests */ = {
			isa = PBXGroup;
			children = (
				3EBC816B2843522A00794955 /* DonWorryTests.swift */,
			);
			path = DonWorryTests;
			sourceTree = "<group>";
		};
		3EBC81742843522B00794955 /* DonWorryUITests */ = {
			isa = PBXGroup;
			children = (
				3EBC81752843522B00794955 /* DonWorryUITests.swift */,
				3EBC81772843522B00794955 /* DonWorryUITestsLaunchTests.swift */,
			);
			path = DonWorryUITests;
			sourceTree = "<group>";
		};
		4D6229B82848FED000A8E24C /* Card */ = {
			isa = PBXGroup;
			children = (
				4D6229B92848FEE300A8E24C /* CardView.swift */,
				4D6229BC284925B900A8E24C /* PreviewCardView.swift */,
			);
			path = Card;
			sourceTree = "<group>";
		};
		4D6229BE284926C400A8E24C /* Components */ = {
			isa = PBXGroup;
			children = (
				4D6229BF284926F600A8E24C /* PhotoPicker.swift */,
			);
			path = Components;
			sourceTree = "<group>";
		};
		4D6229C12849276300A8E24C /* Fonts */ = {
			isa = PBXGroup;
			children = (
				4D6229C6284927E100A8E24C /* GmarketSansTTFBold.ttf */,
				4D6229C4284927C800A8E24C /* GmarketSansTTFLight.ttf */,
			);
			path = Fonts;
			sourceTree = "<group>";
		};
		4D6229CB284929A400A8E24C /* DecorateCard */ = {
			isa = PBXGroup;
			children = (
				4D6229CC284929C000A8E24C /* DecorateCardView.swift */,
			);
			path = DecorateCard;
			sourceTree = "<group>";
		};
		4D6229D4284BC20200A8E24C /* CardCreationView */ = {
			isa = PBXGroup;
			children = (
				4D6229BE284926C400A8E24C /* Components */,
				4D6229CB284929A400A8E24C /* DecorateCard */,
				4D6229B82848FED000A8E24C /* Card */,
			);
			path = CardCreationView;
			sourceTree = "<group>";
		};
		A704FC3D284E019600AC9736 /* View */ = {
			isa = PBXGroup;
			children = (
				A704FC3E284E01A200AC9736 /* SlideOverCard.swift */,
			);
			path = View;
			sourceTree = "<group>";
		};
		A7447992284759A60083BBF4 /* Models */ = {
			isa = PBXGroup;
			children = (
				C0931807284C3EF900E3C9AA /* UserModels.swift */,
				A74479A028476ADA0083BBF4 /* User.swift */,
				2CC2118B2849F1CF0009F785 /* TermModel.swift */,
			);
			path = Models;
			sourceTree = "<group>";
		};
		A7447993284759B50083BBF4 /* Views */ = {
			isa = PBXGroup;
			children = (
				4D6229D4284BC20200A8E24C /* CardCreationView */,
				A74479D12849175A0083BBF4 /* ProfileView */,
				2CC211802849EFDE0009F785 /* AuthView */,
				2CF61B382849AF73004C3768 /* SpaceView */,
				C0936BFB284876410064CEFA /* MainCard */,
				A744799B28476A350083BBF4 /* Common */,
			);
			path = Views;
			sourceTree = "<group>";
		};
		A7447994284759C50083BBF4 /* ViewModels */ = {
			isa = PBXGroup;
			children = (
				A744799E28476AD00083BBF4 /* FileViewModels.swift */,
			);
			path = ViewModels;
			sourceTree = "<group>";
		};
		A7447995284759D10083BBF4 /* Services */ = {
			isa = PBXGroup;
			children = (
				A74479A228476ADE0083BBF4 /* FileServices.swift */,
			);
			path = Services;
			sourceTree = "<group>";
		};
		A744799628475A210083BBF4 /* Extension */ = {
			isa = PBXGroup;
			children = (
				A74479A428476AE30083BBF4 /* ColorExtension.swift */,
			);
			path = Extension;
			sourceTree = "<group>";
		};
		A744799728475A270083BBF4 /* Helper */ = {
			isa = PBXGroup;
			children = (
				4D6229C92849295300A8E24C /* ImageManager.swift */,
				A74479A628476AE70083BBF4 /* FileHelper.swift */,
			);
			path = Helper;
			sourceTree = "<group>";
		};
		A744799928475A830083BBF4 /* Resources */ = {
			isa = PBXGroup;
			children = (
				4D6229C12849276300A8E24C /* Fonts */,
				A74479AA28476AF10083BBF4 /* FileResources.swift */,
			);
			path = Resources;
			sourceTree = "<group>";
		};
		A744799A28475A9A0083BBF4 /* Utilities */ = {
			isa = PBXGroup;
			children = (
				4D6229C22849277500A8E24C /* Fonts.swift */,
				A74479A828476AEC0083BBF4 /* FileUtilities.swift */,
			);
			path = Utilities;
			sourceTree = "<group>";
		};
		A744799B28476A350083BBF4 /* Common */ = {
			isa = PBXGroup;
			children = (
				A704FC3D284E019600AC9736 /* View */,
				A74479C02847E3060083BBF4 /* Icon */,
				A74479BB2847DC720083BBF4 /* Sheet */,
				A74479BA2847DBA20083BBF4 /* Text */,
				A74479B42847C08E0083BBF4 /* Button */,
			);
			path = Common;
			sourceTree = "<group>";
		};
		A74479B42847C08E0083BBF4 /* Button */ = {
			isa = PBXGroup;
			children = (
				A74479AC2847A0580083BBF4 /* LargeButton.swift */,
				A74479AE2847A0600083BBF4 /* MediumButton.swift */,
				A74479B02847A8190083BBF4 /* SmallButton.swift */,
				A74479B22847BE170083BBF4 /* XSmallButton.swift */,
				A74479C12847E3760083BBF4 /* ChipButton.swift */,
			);
			path = Button;
			sourceTree = "<group>";
		};
		A74479BA2847DBA20083BBF4 /* Text */ = {
			isa = PBXGroup;
			children = (
				A74479B62847C5390083BBF4 /* NoticeTextMsg.swift */,
				A74479B82847C99A0083BBF4 /* UnderlineTextField.swift */,
				2CC21191284AF14C0009F785 /* AccountTextField.swift */,
			);
			path = Text;
			sourceTree = "<group>";
		};
		A74479BB2847DC720083BBF4 /* Sheet */ = {
			isa = PBXGroup;
			children = (
				A74479BC2847DF340083BBF4 /* HalfSheetModal.swift */,
				A74479BE2847DF8D0083BBF4 /* SampleViewWithSheet.swift */,
				A704FC43284F6B5200AC9736 /* ShareSheet.swift */,
			);
			path = Sheet;
			sourceTree = "<group>";
		};
		A74479C02847E3060083BBF4 /* Icon */ = {
			isa = PBXGroup;
			children = (
			);
			path = Icon;
			sourceTree = "<group>";
		};
		A74479D12849175A0083BBF4 /* ProfileView */ = {
			isa = PBXGroup;
			children = (
				A74479D2284917990083BBF4 /* ProfileView.swift */,
				A74479D5284918D60083BBF4 /* EditProfileView.swift */,
				A74479D7284918EB0083BBF4 /* EditAccountView.swift */,
			);
			path = ProfileView;
			sourceTree = "<group>";
		};
		C0936BFB284876410064CEFA /* MainCard */ = {
			isa = PBXGroup;
			children = (
				C0936BFC284876800064CEFA /* ParticipateCard.swift */,
				C0936BFE28487FFC0064CEFA /* GiverCard.swift */,
				C09C89702849101700E2A929 /* TakerCard.swift */,
				C07ECB382849919C000C42C1 /* RoomSwitchCellView.swift */,
				C021ABC9284B2E5600B15AFF /* HalfCircleProgressBar.swift */,
			);
			path = MainCard;
			sourceTree = "<group>";
		};
/* End PBXGroup section */

/* Begin PBXNativeTarget section */
		3EBC81562843522900794955 /* DonWorry */ = {
			isa = PBXNativeTarget;
			buildConfigurationList = 3EBC817B2843522B00794955 /* Build configuration list for PBXNativeTarget "DonWorry" */;
			buildPhases = (
				3EBC81532843522900794955 /* Sources */,
				3EBC81542843522900794955 /* Frameworks */,
				3EBC81552843522900794955 /* Resources */,
				3E4843D22847398300FCCFF4 /* ShellScript */,
			);
			buildRules = (
			);
			dependencies = (
			);
			name = DonWorry;
			packageProductDependencies = (
				A704FC41284E01E400AC9736 /* SlideOverCard */,
			);
			productName = DonWorry;
			productReference = 3EBC81572843522900794955 /* DonWorry.app */;
			productType = "com.apple.product-type.application";
		};
		3EBC81662843522A00794955 /* DonWorryTests */ = {
			isa = PBXNativeTarget;
			buildConfigurationList = 3EBC817E2843522B00794955 /* Build configuration list for PBXNativeTarget "DonWorryTests" */;
			buildPhases = (
				3EBC81632843522A00794955 /* Sources */,
				3EBC81642843522A00794955 /* Frameworks */,
				3EBC81652843522A00794955 /* Resources */,
			);
			buildRules = (
			);
			dependencies = (
				3EBC81692843522A00794955 /* PBXTargetDependency */,
			);
			name = DonWorryTests;
			productName = DonWorryTests;
			productReference = 3EBC81672843522A00794955 /* DonWorryTests.xctest */;
			productType = "com.apple.product-type.bundle.unit-test";
		};
		3EBC81702843522B00794955 /* DonWorryUITests */ = {
			isa = PBXNativeTarget;
			buildConfigurationList = 3EBC81812843522B00794955 /* Build configuration list for PBXNativeTarget "DonWorryUITests" */;
			buildPhases = (
				3EBC816D2843522B00794955 /* Sources */,
				3EBC816E2843522B00794955 /* Frameworks */,
				3EBC816F2843522B00794955 /* Resources */,
			);
			buildRules = (
			);
			dependencies = (
				3EBC81732843522B00794955 /* PBXTargetDependency */,
			);
			name = DonWorryUITests;
			productName = DonWorryUITests;
			productReference = 3EBC81712843522B00794955 /* DonWorryUITests.xctest */;
			productType = "com.apple.product-type.bundle.ui-testing";
		};
/* End PBXNativeTarget section */

/* Begin PBXProject section */
		3EBC814F2843522900794955 /* Project object */ = {
			isa = PBXProject;
			attributes = {
				BuildIndependentTargetsInParallel = 1;
				LastSwiftUpdateCheck = 1340;
				LastUpgradeCheck = 1340;
				TargetAttributes = {
					3EBC81562843522900794955 = {
						CreatedOnToolsVersion = 13.4;
					};
					3EBC81662843522A00794955 = {
						CreatedOnToolsVersion = 13.4;
						TestTargetID = 3EBC81562843522900794955;
					};
					3EBC81702843522B00794955 = {
						CreatedOnToolsVersion = 13.4;
						TestTargetID = 3EBC81562843522900794955;
					};
				};
			};
			buildConfigurationList = 3EBC81522843522900794955 /* Build configuration list for PBXProject "DonWorry" */;
			compatibilityVersion = "Xcode 13.0";
			developmentRegion = en;
			hasScannedForEncodings = 0;
			knownRegions = (
				en,
				Base,
			);
			mainGroup = 3EBC814E2843522900794955;
			packageReferences = (
				A704FC40284E01E400AC9736 /* XCRemoteSwiftPackageReference "SlideOverCard" */,
			);
			productRefGroup = 3EBC81582843522900794955 /* Products */;
			projectDirPath = "";
			projectRoot = "";
			targets = (
				3EBC81562843522900794955 /* DonWorry */,
				3EBC81662843522A00794955 /* DonWorryTests */,
				3EBC81702843522B00794955 /* DonWorryUITests */,
			);
		};
/* End PBXProject section */

/* Begin PBXResourcesBuildPhase section */
		3EBC81552843522900794955 /* Resources */ = {
			isa = PBXResourcesBuildPhase;
			buildActionMask = 2147483647;
			files = (
				4D6229BB2849075800A8E24C /* Assets.xcassets in Resources */,
				4D6229C5284927C800A8E24C /* GmarketSansTTFLight.ttf in Resources */,
				4D6229C7284927E100A8E24C /* GmarketSansTTFBold.ttf in Resources */,
				C0030EE32848C7880017125A /* Assets.xcassets in Resources */,
				A74479D4284918270083BBF4 /* Assets.xcassets in Resources */,
				2CF61B442849B332004C3768 /* Assets.xcassets in Resources */,
			);
			runOnlyForDeploymentPostprocessing = 0;
		};
		3EBC81652843522A00794955 /* Resources */ = {
			isa = PBXResourcesBuildPhase;
			buildActionMask = 2147483647;
			files = (
			);
			runOnlyForDeploymentPostprocessing = 0;
		};
		3EBC816F2843522B00794955 /* Resources */ = {
			isa = PBXResourcesBuildPhase;
			buildActionMask = 2147483647;
			files = (
			);
			runOnlyForDeploymentPostprocessing = 0;
		};
/* End PBXResourcesBuildPhase section */

/* Begin PBXShellScriptBuildPhase section */
		3E4843D22847398300FCCFF4 /* ShellScript */ = {
			isa = PBXShellScriptBuildPhase;
			buildActionMask = 2147483647;
			files = (
			);
			inputFileListPaths = (
			);
			inputPaths = (
			);
			outputFileListPaths = (
			);
			outputPaths = (
			);
			runOnlyForDeploymentPostprocessing = 0;
			shellPath = /bin/sh;
			shellScript = "# Type a script or drag a script file from your workspace to insert its path.\nexport PATH=\"$PATH:/opt/homebrew/bin\"\n\nif which swiftlint >/dev/null; then\n  swiftlint\nelse\n  echo \"warning: SwiftLint not installed, download from https://github.com/realm/SwiftLint\"\nfi\n";
		};
/* End PBXShellScriptBuildPhase section */

/* Begin PBXSourcesBuildPhase section */
		3EBC81532843522900794955 /* Sources */ = {
			isa = PBXSourcesBuildPhase;
			buildActionMask = 2147483647;
			files = (
				A74479A128476ADA0083BBF4 /* User.swift in Sources */,
				A74479D6284918D60083BBF4 /* EditProfileView.swift in Sources */,
				A74479A128476ADA0083BBF4 /* User.swift in Sources */,
				2CF61B3D2849B00B004C3768 /* NewPaymentTitle.swift in Sources */,
				2CC211882849F1300009F785 /* TermView.swift in Sources */,
				A74479B12847A8190083BBF4 /* SmallButton.swift in Sources */,
				A74479B92847C99A0083BBF4 /* UnderlineTextField.swift in Sources */,
				4D6229CA2849295300A8E24C /* ImageManager.swift in Sources */,
				A74479AD2847A0580083BBF4 /* LargeButton.swift in Sources */,
				2CF61B412849B1A0004C3768 /* NewPaymentPrice.swift in Sources */,
				A74479B72847C5390083BBF4 /* NoticeTextMsg.swift in Sources */,
				2CC2118A2849F1400009F785 /* LoginButtonView.swift in Sources */,
				2CC211862849F1230009F785 /* ToSView.swift in Sources */,
				A74479A328476ADE0083BBF4 /* FileServices.swift in Sources */,
				4D6229C32849277500A8E24C /* Fonts.swift in Sources */,
				A74479A528476AE30083BBF4 /* ColorExtension.swift in Sources */,
				4D6229BD284925B900A8E24C /* PreviewCardView.swift in Sources */,
				A74479BD2847DF340083BBF4 /* HalfSheetModal.swift in Sources */,
				4D6229CD284929C000A8E24C /* DecorateCardView.swift in Sources */,
				C0931808284C3EF900E3C9AA /* UserModels.swift in Sources */,
				A74479A528476AE30083BBF4 /* ColorExtension.swift in Sources */,
				2CF61B3A2849AF97004C3768 /* SpaceEmptyView.swift in Sources */,
				C0936BFF28487FFC0064CEFA /* GiverCard.swift in Sources */,
				A74479BD2847DF340083BBF4 /* HalfSheetModal.swift in Sources */,
				C0936BFD284876800064CEFA /* ParticipateCard.swift in Sources */,
				3EBC815D2843522900794955 /* ContentView.swift in Sources */,
				A74479C22847E3760083BBF4 /* ChipButton.swift in Sources */,
				2CC211842849F1160009F785 /* UserInfoView.swift in Sources */,
				2CC2118C2849F1CF0009F785 /* TermModel.swift in Sources */,
				A744799F28476AD00083BBF4 /* FileViewModels.swift in Sources */,
				4D6229C0284926F600A8E24C /* PhotoPicker.swift in Sources */,
				A704FC44284F6B5200AC9736 /* ShareSheet.swift in Sources */,
				C09C89712849101700E2A929 /* TakerCard.swift in Sources */,
				A74479D8284918EB0083BBF4 /* EditAccountView.swift in Sources */,
				A74479BF2847DF8D0083BBF4 /* SampleViewWithSheet.swift in Sources */,
				A74479D3284917990083BBF4 /* ProfileView.swift in Sources */,
				2CF61B432849B271004C3768 /* NewPaymentDetail.swift in Sources */,
				A74479BF2847DF8D0083BBF4 /* SampleViewWithSheet.swift in Sources */,
				2CC211822849F0FA0009F785 /* SignInView.swift in Sources */,
				2CF61B3F2849B18A004C3768 /* NewPaymentIcon.swift in Sources */,
				A74479AB28476AF10083BBF4 /* FileResources.swift in Sources */,
				A74479B32847BE170083BBF4 /* XSmallButton.swift in Sources */,
				4D6229BA2848FEE300A8E24C /* CardView.swift in Sources */,
				A74479A728476AE70083BBF4 /* FileHelper.swift in Sources */,
				2CC21192284AF14C0009F785 /* AccountTextField.swift in Sources */,
				3EBC815B2843522900794955 /* DonWorryApp.swift in Sources */,
				A74479AF2847A0600083BBF4 /* MediumButton.swift in Sources */,
				C07ECB392849919C000C42C1 /* RoomSwitchCellView.swift in Sources */,
				A704FC3F284E01A300AC9736 /* SlideOverCard.swift in Sources */,
				C021ABCA284B2E5600B15AFF /* HalfCircleProgressBar.swift in Sources */,
				A74479A928476AEC0083BBF4 /* FileUtilities.swift in Sources */,
				A744799D28476AC80083BBF4 /* HomeView.swift in Sources */,
			);
			runOnlyForDeploymentPostprocessing = 0;
		};
		3EBC81632843522A00794955 /* Sources */ = {
			isa = PBXSourcesBuildPhase;
			buildActionMask = 2147483647;
			files = (
				3EBC816C2843522A00794955 /* DonWorryTests.swift in Sources */,
			);
			runOnlyForDeploymentPostprocessing = 0;
		};
		3EBC816D2843522B00794955 /* Sources */ = {
			isa = PBXSourcesBuildPhase;
			buildActionMask = 2147483647;
			files = (
				3EBC81782843522B00794955 /* DonWorryUITestsLaunchTests.swift in Sources */,
				3EBC81762843522B00794955 /* DonWorryUITests.swift in Sources */,
			);
			runOnlyForDeploymentPostprocessing = 0;
		};
/* End PBXSourcesBuildPhase section */

/* Begin PBXTargetDependency section */
		3EBC81692843522A00794955 /* PBXTargetDependency */ = {
			isa = PBXTargetDependency;
			target = 3EBC81562843522900794955 /* DonWorry */;
			targetProxy = 3EBC81682843522A00794955 /* PBXContainerItemProxy */;
		};
		3EBC81732843522B00794955 /* PBXTargetDependency */ = {
			isa = PBXTargetDependency;
			target = 3EBC81562843522900794955 /* DonWorry */;
			targetProxy = 3EBC81722843522B00794955 /* PBXContainerItemProxy */;
		};
/* End PBXTargetDependency section */

/* Begin XCBuildConfiguration section */
		3EBC81792843522B00794955 /* Debug */ = {
			isa = XCBuildConfiguration;
			buildSettings = {
				ALWAYS_SEARCH_USER_PATHS = NO;
				CLANG_ANALYZER_NONNULL = YES;
				CLANG_ANALYZER_NUMBER_OBJECT_CONVERSION = YES_AGGRESSIVE;
				CLANG_CXX_LANGUAGE_STANDARD = "gnu++17";
				CLANG_ENABLE_MODULES = YES;
				CLANG_ENABLE_OBJC_ARC = YES;
				CLANG_ENABLE_OBJC_WEAK = YES;
				CLANG_WARN_BLOCK_CAPTURE_AUTORELEASING = YES;
				CLANG_WARN_BOOL_CONVERSION = YES;
				CLANG_WARN_COMMA = YES;
				CLANG_WARN_CONSTANT_CONVERSION = YES;
				CLANG_WARN_DEPRECATED_OBJC_IMPLEMENTATIONS = YES;
				CLANG_WARN_DIRECT_OBJC_ISA_USAGE = YES_ERROR;
				CLANG_WARN_DOCUMENTATION_COMMENTS = YES;
				CLANG_WARN_EMPTY_BODY = YES;
				CLANG_WARN_ENUM_CONVERSION = YES;
				CLANG_WARN_INFINITE_RECURSION = YES;
				CLANG_WARN_INT_CONVERSION = YES;
				CLANG_WARN_NON_LITERAL_NULL_CONVERSION = YES;
				CLANG_WARN_OBJC_IMPLICIT_RETAIN_SELF = YES;
				CLANG_WARN_OBJC_LITERAL_CONVERSION = YES;
				CLANG_WARN_OBJC_ROOT_CLASS = YES_ERROR;
				CLANG_WARN_QUOTED_INCLUDE_IN_FRAMEWORK_HEADER = YES;
				CLANG_WARN_RANGE_LOOP_ANALYSIS = YES;
				CLANG_WARN_STRICT_PROTOTYPES = YES;
				CLANG_WARN_SUSPICIOUS_MOVE = YES;
				CLANG_WARN_UNGUARDED_AVAILABILITY = YES_AGGRESSIVE;
				CLANG_WARN_UNREACHABLE_CODE = YES;
				CLANG_WARN__DUPLICATE_METHOD_MATCH = YES;
				COPY_PHASE_STRIP = NO;
				DEBUG_INFORMATION_FORMAT = dwarf;
				ENABLE_STRICT_OBJC_MSGSEND = YES;
				ENABLE_TESTABILITY = YES;
				GCC_C_LANGUAGE_STANDARD = gnu11;
				GCC_DYNAMIC_NO_PIC = NO;
				GCC_NO_COMMON_BLOCKS = YES;
				GCC_OPTIMIZATION_LEVEL = 0;
				GCC_PREPROCESSOR_DEFINITIONS = (
					"DEBUG=1",
					"$(inherited)",
				);
				GCC_WARN_64_TO_32_BIT_CONVERSION = YES;
				GCC_WARN_ABOUT_RETURN_TYPE = YES_ERROR;
				GCC_WARN_UNDECLARED_SELECTOR = YES;
				GCC_WARN_UNINITIALIZED_AUTOS = YES_AGGRESSIVE;
				GCC_WARN_UNUSED_FUNCTION = YES;
				GCC_WARN_UNUSED_VARIABLE = YES;
				IPHONEOS_DEPLOYMENT_TARGET = 15.4;
				MTL_ENABLE_DEBUG_INFO = INCLUDE_SOURCE;
				MTL_FAST_MATH = YES;
				ONLY_ACTIVE_ARCH = YES;
				SDKROOT = iphoneos;
				SWIFT_ACTIVE_COMPILATION_CONDITIONS = DEBUG;
				SWIFT_OPTIMIZATION_LEVEL = "-Onone";
			};
			name = Debug;
		};
		3EBC817A2843522B00794955 /* Release */ = {
			isa = XCBuildConfiguration;
			buildSettings = {
				ALWAYS_SEARCH_USER_PATHS = NO;
				CLANG_ANALYZER_NONNULL = YES;
				CLANG_ANALYZER_NUMBER_OBJECT_CONVERSION = YES_AGGRESSIVE;
				CLANG_CXX_LANGUAGE_STANDARD = "gnu++17";
				CLANG_ENABLE_MODULES = YES;
				CLANG_ENABLE_OBJC_ARC = YES;
				CLANG_ENABLE_OBJC_WEAK = YES;
				CLANG_WARN_BLOCK_CAPTURE_AUTORELEASING = YES;
				CLANG_WARN_BOOL_CONVERSION = YES;
				CLANG_WARN_COMMA = YES;
				CLANG_WARN_CONSTANT_CONVERSION = YES;
				CLANG_WARN_DEPRECATED_OBJC_IMPLEMENTATIONS = YES;
				CLANG_WARN_DIRECT_OBJC_ISA_USAGE = YES_ERROR;
				CLANG_WARN_DOCUMENTATION_COMMENTS = YES;
				CLANG_WARN_EMPTY_BODY = YES;
				CLANG_WARN_ENUM_CONVERSION = YES;
				CLANG_WARN_INFINITE_RECURSION = YES;
				CLANG_WARN_INT_CONVERSION = YES;
				CLANG_WARN_NON_LITERAL_NULL_CONVERSION = YES;
				CLANG_WARN_OBJC_IMPLICIT_RETAIN_SELF = YES;
				CLANG_WARN_OBJC_LITERAL_CONVERSION = YES;
				CLANG_WARN_OBJC_ROOT_CLASS = YES_ERROR;
				CLANG_WARN_QUOTED_INCLUDE_IN_FRAMEWORK_HEADER = YES;
				CLANG_WARN_RANGE_LOOP_ANALYSIS = YES;
				CLANG_WARN_STRICT_PROTOTYPES = YES;
				CLANG_WARN_SUSPICIOUS_MOVE = YES;
				CLANG_WARN_UNGUARDED_AVAILABILITY = YES_AGGRESSIVE;
				CLANG_WARN_UNREACHABLE_CODE = YES;
				CLANG_WARN__DUPLICATE_METHOD_MATCH = YES;
				COPY_PHASE_STRIP = NO;
				DEBUG_INFORMATION_FORMAT = "dwarf-with-dsym";
				ENABLE_NS_ASSERTIONS = NO;
				ENABLE_STRICT_OBJC_MSGSEND = YES;
				GCC_C_LANGUAGE_STANDARD = gnu11;
				GCC_NO_COMMON_BLOCKS = YES;
				GCC_WARN_64_TO_32_BIT_CONVERSION = YES;
				GCC_WARN_ABOUT_RETURN_TYPE = YES_ERROR;
				GCC_WARN_UNDECLARED_SELECTOR = YES;
				GCC_WARN_UNINITIALIZED_AUTOS = YES_AGGRESSIVE;
				GCC_WARN_UNUSED_FUNCTION = YES;
				GCC_WARN_UNUSED_VARIABLE = YES;
				IPHONEOS_DEPLOYMENT_TARGET = 15.4;
				MTL_ENABLE_DEBUG_INFO = NO;
				MTL_FAST_MATH = YES;
				SDKROOT = iphoneos;
				SWIFT_COMPILATION_MODE = wholemodule;
				SWIFT_OPTIMIZATION_LEVEL = "-O";
				VALIDATE_PRODUCT = YES;
			};
			name = Release;
		};
		3EBC817C2843522B00794955 /* Debug */ = {
			isa = XCBuildConfiguration;
			buildSettings = {
				ASSETCATALOG_COMPILER_APPICON_NAME = AppIcon;
				ASSETCATALOG_COMPILER_GLOBAL_ACCENT_COLOR_NAME = AccentColor;
				CODE_SIGN_STYLE = Automatic;
				CURRENT_PROJECT_VERSION = 1;
				DEVELOPMENT_ASSET_PATHS = "\"DonWorry/Preview Content\"";
				DEVELOPMENT_TEAM = 562Z37RH3N;
				ENABLE_PREVIEWS = YES;
				GENERATE_INFOPLIST_FILE = YES;
				INFOPLIST_KEY_UIApplicationSceneManifest_Generation = YES;
				INFOPLIST_KEY_UIApplicationSupportsIndirectInputEvents = YES;
				INFOPLIST_KEY_UILaunchScreen_Generation = YES;
				INFOPLIST_KEY_UISupportedInterfaceOrientations_iPad = "UIInterfaceOrientationPortrait UIInterfaceOrientationPortraitUpsideDown UIInterfaceOrientationLandscapeLeft UIInterfaceOrientationLandscapeRight";
				INFOPLIST_KEY_UISupportedInterfaceOrientations_iPhone = "UIInterfaceOrientationPortrait UIInterfaceOrientationLandscapeLeft UIInterfaceOrientationLandscapeRight";
				LD_RUNPATH_SEARCH_PATHS = (
					"$(inherited)",
					"@executable_path/Frameworks",
				);
				MARKETING_VERSION = 1.0;
				PRODUCT_BUNDLE_IDENTIFIER = "-0220301.DonWorry";
				PRODUCT_NAME = "$(TARGET_NAME)";
				SWIFT_EMIT_LOC_STRINGS = YES;
				SWIFT_VERSION = 5.0;
				TARGETED_DEVICE_FAMILY = 1;
			};
			name = Debug;
		};
		3EBC817D2843522B00794955 /* Release */ = {
			isa = XCBuildConfiguration;
			buildSettings = {
				ASSETCATALOG_COMPILER_APPICON_NAME = AppIcon;
				ASSETCATALOG_COMPILER_GLOBAL_ACCENT_COLOR_NAME = AccentColor;
				CODE_SIGN_STYLE = Automatic;
				CURRENT_PROJECT_VERSION = 1;
				DEVELOPMENT_ASSET_PATHS = "\"DonWorry/Preview Content\"";
				DEVELOPMENT_TEAM = 562Z37RH3N;
				ENABLE_PREVIEWS = YES;
				GENERATE_INFOPLIST_FILE = YES;
				INFOPLIST_KEY_UIApplicationSceneManifest_Generation = YES;
				INFOPLIST_KEY_UIApplicationSupportsIndirectInputEvents = YES;
				INFOPLIST_KEY_UILaunchScreen_Generation = YES;
				INFOPLIST_KEY_UISupportedInterfaceOrientations_iPad = "UIInterfaceOrientationPortrait UIInterfaceOrientationPortraitUpsideDown UIInterfaceOrientationLandscapeLeft UIInterfaceOrientationLandscapeRight";
				INFOPLIST_KEY_UISupportedInterfaceOrientations_iPhone = "UIInterfaceOrientationPortrait UIInterfaceOrientationLandscapeLeft UIInterfaceOrientationLandscapeRight";
				LD_RUNPATH_SEARCH_PATHS = (
					"$(inherited)",
					"@executable_path/Frameworks",
				);
				MARKETING_VERSION = 1.0;
				PRODUCT_BUNDLE_IDENTIFIER = "-0220301.DonWorry";
				PRODUCT_NAME = "$(TARGET_NAME)";
				SWIFT_EMIT_LOC_STRINGS = YES;
				SWIFT_VERSION = 5.0;
				TARGETED_DEVICE_FAMILY = 1;
			};
			name = Release;
		};
		3EBC817F2843522B00794955 /* Debug */ = {
			isa = XCBuildConfiguration;
			buildSettings = {
				ALWAYS_EMBED_SWIFT_STANDARD_LIBRARIES = YES;
				BUNDLE_LOADER = "$(TEST_HOST)";
				CODE_SIGN_STYLE = Automatic;
				CURRENT_PROJECT_VERSION = 1;
				GENERATE_INFOPLIST_FILE = YES;
				IPHONEOS_DEPLOYMENT_TARGET = 15.5;
				MARKETING_VERSION = 1.0;
				PRODUCT_BUNDLE_IDENTIFIER = "-0220301.DonWorryTests";
				PRODUCT_NAME = "$(TARGET_NAME)";
				SWIFT_EMIT_LOC_STRINGS = NO;
				SWIFT_VERSION = 5.0;
				TARGETED_DEVICE_FAMILY = "1,2";
				TEST_HOST = "$(BUILT_PRODUCTS_DIR)/DonWorry.app/DonWorry";
			};
			name = Debug;
		};
		3EBC81802843522B00794955 /* Release */ = {
			isa = XCBuildConfiguration;
			buildSettings = {
				ALWAYS_EMBED_SWIFT_STANDARD_LIBRARIES = YES;
				BUNDLE_LOADER = "$(TEST_HOST)";
				CODE_SIGN_STYLE = Automatic;
				CURRENT_PROJECT_VERSION = 1;
				GENERATE_INFOPLIST_FILE = YES;
				IPHONEOS_DEPLOYMENT_TARGET = 15.5;
				MARKETING_VERSION = 1.0;
				PRODUCT_BUNDLE_IDENTIFIER = "-0220301.DonWorryTests";
				PRODUCT_NAME = "$(TARGET_NAME)";
				SWIFT_EMIT_LOC_STRINGS = NO;
				SWIFT_VERSION = 5.0;
				TARGETED_DEVICE_FAMILY = "1,2";
				TEST_HOST = "$(BUILT_PRODUCTS_DIR)/DonWorry.app/DonWorry";
			};
			name = Release;
		};
		3EBC81822843522B00794955 /* Debug */ = {
			isa = XCBuildConfiguration;
			buildSettings = {
				ALWAYS_EMBED_SWIFT_STANDARD_LIBRARIES = YES;
				CODE_SIGN_STYLE = Automatic;
				CURRENT_PROJECT_VERSION = 1;
				GENERATE_INFOPLIST_FILE = YES;
				MARKETING_VERSION = 1.0;
				PRODUCT_BUNDLE_IDENTIFIER = "-0220301.DonWorryUITests";
				PRODUCT_NAME = "$(TARGET_NAME)";
				SWIFT_EMIT_LOC_STRINGS = NO;
				SWIFT_VERSION = 5.0;
				TARGETED_DEVICE_FAMILY = "1,2";
				TEST_TARGET_NAME = DonWorry;
			};
			name = Debug;
		};
		3EBC81832843522B00794955 /* Release */ = {
			isa = XCBuildConfiguration;
			buildSettings = {
				ALWAYS_EMBED_SWIFT_STANDARD_LIBRARIES = YES;
				CODE_SIGN_STYLE = Automatic;
				CURRENT_PROJECT_VERSION = 1;
				GENERATE_INFOPLIST_FILE = YES;
				MARKETING_VERSION = 1.0;
				PRODUCT_BUNDLE_IDENTIFIER = "-0220301.DonWorryUITests";
				PRODUCT_NAME = "$(TARGET_NAME)";
				SWIFT_EMIT_LOC_STRINGS = NO;
				SWIFT_VERSION = 5.0;
				TARGETED_DEVICE_FAMILY = "1,2";
				TEST_TARGET_NAME = DonWorry;
			};
			name = Release;
		};
/* End XCBuildConfiguration section */

/* Begin XCConfigurationList section */
		3EBC81522843522900794955 /* Build configuration list for PBXProject "DonWorry" */ = {
			isa = XCConfigurationList;
			buildConfigurations = (
				3EBC81792843522B00794955 /* Debug */,
				3EBC817A2843522B00794955 /* Release */,
			);
			defaultConfigurationIsVisible = 0;
			defaultConfigurationName = Release;
		};
		3EBC817B2843522B00794955 /* Build configuration list for PBXNativeTarget "DonWorry" */ = {
			isa = XCConfigurationList;
			buildConfigurations = (
				3EBC817C2843522B00794955 /* Debug */,
				3EBC817D2843522B00794955 /* Release */,
			);
			defaultConfigurationIsVisible = 0;
			defaultConfigurationName = Release;
		};
		3EBC817E2843522B00794955 /* Build configuration list for PBXNativeTarget "DonWorryTests" */ = {
			isa = XCConfigurationList;
			buildConfigurations = (
				3EBC817F2843522B00794955 /* Debug */,
				3EBC81802843522B00794955 /* Release */,
			);
			defaultConfigurationIsVisible = 0;
			defaultConfigurationName = Release;
		};
		3EBC81812843522B00794955 /* Build configuration list for PBXNativeTarget "DonWorryUITests" */ = {
			isa = XCConfigurationList;
			buildConfigurations = (
				3EBC81822843522B00794955 /* Debug */,
				3EBC81832843522B00794955 /* Release */,
			);
			defaultConfigurationIsVisible = 0;
			defaultConfigurationName = Release;
		};
/* End XCConfigurationList section */

/* Begin XCRemoteSwiftPackageReference section */
		A704FC40284E01E400AC9736 /* XCRemoteSwiftPackageReference "SlideOverCard" */ = {
			isa = XCRemoteSwiftPackageReference;
			repositoryURL = "https://github.com/joogps/SlideOverCard.git";
			requirement = {
				kind = upToNextMajorVersion;
				minimumVersion = 2.0.0;
			};
		};
/* End XCRemoteSwiftPackageReference section */

/* Begin XCSwiftPackageProductDependency section */
		A704FC41284E01E400AC9736 /* SlideOverCard */ = {
			isa = XCSwiftPackageProductDependency;
			package = A704FC40284E01E400AC9736 /* XCRemoteSwiftPackageReference "SlideOverCard" */;
			productName = SlideOverCard;
		};
/* End XCSwiftPackageProductDependency section */
	};
	rootObject = 3EBC814F2843522900794955 /* Project object */;
}
